// !$*UTF8*$!
{
	archiveVersion = 1;
	classes = {
	};
	objectVersion = 56;
	objects = {

/* Begin PBXBuildFile section */
		F9ACD7942A9F9B450005A39A /* AppDelegate.swift in Sources */ = {isa = PBXBuildFile; fileRef = F9ACD7932A9F9B450005A39A /* AppDelegate.swift */; };
		F9ACD7962A9F9B450005A39A /* SceneDelegate.swift in Sources */ = {isa = PBXBuildFile; fileRef = F9ACD7952A9F9B450005A39A /* SceneDelegate.swift */; };
		F9ACD79D2A9F9B480005A39A /* Assets.xcassets in Resources */ = {isa = PBXBuildFile; fileRef = F9ACD79C2A9F9B480005A39A /* Assets.xcassets */; };
		F9ACD7A02A9F9B480005A39A /* LaunchScreen.storyboard in Resources */ = {isa = PBXBuildFile; fileRef = F9ACD79E2A9F9B480005A39A /* LaunchScreen.storyboard */; };
		F9ACD7A92A9FA7950005A39A /* SwiftyDropbox in Frameworks */ = {isa = PBXBuildFile; productRef = F9ACD7A82A9FA7950005A39A /* SwiftyDropbox */; };
		F9ACD7AF2AA092310005A39A /* FolderContentService.swift in Sources */ = {isa = PBXBuildFile; fileRef = F9ACD7AE2AA092310005A39A /* FolderContentService.swift */; };
		F9ACD7B22AA09B890005A39A /* Observable.swift in Sources */ = {isa = PBXBuildFile; fileRef = F9ACD7B12AA09B890005A39A /* Observable.swift */; };
		F9ACD7B42AA09C070005A39A /* FolderContentViewModel.swift in Sources */ = {isa = PBXBuildFile; fileRef = F9ACD7B32AA09C070005A39A /* FolderContentViewModel.swift */; };
		F9ACD7BA2AA09EA20005A39A /* Coordinator.swift in Sources */ = {isa = PBXBuildFile; fileRef = F9ACD7B92AA09EA20005A39A /* Coordinator.swift */; };
		F9ACD7C12AA0A2FF0005A39A /* FolderContentViewController.swift in Sources */ = {isa = PBXBuildFile; fileRef = F9ACD7BF2AA0A2FF0005A39A /* FolderContentViewController.swift */; };
		F9ACD7C22AA0A2FF0005A39A /* FolderContentViewController.xib in Resources */ = {isa = PBXBuildFile; fileRef = F9ACD7C02AA0A2FF0005A39A /* FolderContentViewController.xib */; };
		F9ACD7C42AA0A4AD0005A39A /* MainCoordinator.swift in Sources */ = {isa = PBXBuildFile; fileRef = F9ACD7C32AA0A4AD0005A39A /* MainCoordinator.swift */; };
		F9ACD7CC2AA0B0480005A39A /* AuthService.swift in Sources */ = {isa = PBXBuildFile; fileRef = F9ACD7CB2AA0B0480005A39A /* AuthService.swift */; };
		F9ACD7D12AA0EDBE0005A39A /* EntryCell.swift in Sources */ = {isa = PBXBuildFile; fileRef = F9ACD7CF2AA0EDBE0005A39A /* EntryCell.swift */; };
		F9ACD7D22AA0EDBE0005A39A /* EntryCell.xib in Resources */ = {isa = PBXBuildFile; fileRef = F9ACD7D02AA0EDBE0005A39A /* EntryCell.xib */; };
		F9ACD7D62AA104BE0005A39A /* ContentLinkService.swift in Sources */ = {isa = PBXBuildFile; fileRef = F9ACD7D52AA104BE0005A39A /* ContentLinkService.swift */; };
		F9ACD7D82AA1DA660005A39A /* LogoutService.swift in Sources */ = {isa = PBXBuildFile; fileRef = F9ACD7D72AA1DA660005A39A /* LogoutService.swift */; };
		F9ACD7DB2AA1DCAD0005A39A /* SignInViewController.swift in Sources */ = {isa = PBXBuildFile; fileRef = F9ACD7D92AA1DCAD0005A39A /* SignInViewController.swift */; };
		F9ACD7DC2AA1DCAD0005A39A /* SignInViewController.xib in Resources */ = {isa = PBXBuildFile; fileRef = F9ACD7DA2AA1DCAD0005A39A /* SignInViewController.xib */; };
		F9ACD7E02AA1DF040005A39A /* SignInViewModel.swift in Sources */ = {isa = PBXBuildFile; fileRef = F9ACD7DF2AA1DF040005A39A /* SignInViewModel.swift */; };
		F9ACD7E22AA1EFA50005A39A /* AuthorizationStatus.swift in Sources */ = {isa = PBXBuildFile; fileRef = F9ACD7E12AA1EFA50005A39A /* AuthorizationStatus.swift */; };
		F9ACD7E72AA1F5740005A39A /* MediaMetadata.swift in Sources */ = {isa = PBXBuildFile; fileRef = F9ACD7E62AA1F5740005A39A /* MediaMetadata.swift */; };
		F9ACD7E92AA1F5D80005A39A /* File.Metadata+Mapping.swift in Sources */ = {isa = PBXBuildFile; fileRef = F9ACD7E82AA1F5D80005A39A /* File.Metadata+Mapping.swift */; };
		F9ACD7EB2AA21D520005A39A /* ImageDataDownloadService.swift in Sources */ = {isa = PBXBuildFile; fileRef = F9ACD7EA2AA21D520005A39A /* ImageDataDownloadService.swift */; };
		F9ACD7F52AA34F1F0005A39A /* MetadataService.swift in Sources */ = {isa = PBXBuildFile; fileRef = F9ACD7F42AA34F1F0005A39A /* MetadataService.swift */; };
		F9ACD7F72AA3982D0005A39A /* VideoDownloadService.swift in Sources */ = {isa = PBXBuildFile; fileRef = F9ACD7F62AA3982D0005A39A /* VideoDownloadService.swift */; };
		F9ACD7F92AA4C2C40005A39A /* EntryCellViewModel.swift in Sources */ = {isa = PBXBuildFile; fileRef = F9ACD7F82AA4C2C40005A39A /* EntryCellViewModel.swift */; };
		F9ACD7FB2AA4C34E0005A39A /* ThumbnailService.swift in Sources */ = {isa = PBXBuildFile; fileRef = F9ACD7FA2AA4C34E0005A39A /* ThumbnailService.swift */; };
		F9ACD7FD2AA4D4A60005A39A /* Metadata.swift in Sources */ = {isa = PBXBuildFile; fileRef = F9ACD7FC2AA4D4A60005A39A /* Metadata.swift */; };
		F9ACD7FF2AA5EB030005A39A /* ImageCache.swift in Sources */ = {isa = PBXBuildFile; fileRef = F9ACD7FE2AA5EB030005A39A /* ImageCache.swift */; };
		F9ACD8042AA735FC0005A39A /* ImageViewerViewController.swift in Sources */ = {isa = PBXBuildFile; fileRef = F9ACD8022AA735FC0005A39A /* ImageViewerViewController.swift */; };
		F9ACD8052AA735FC0005A39A /* ImageViewerViewController.xib in Resources */ = {isa = PBXBuildFile; fileRef = F9ACD8032AA735FC0005A39A /* ImageViewerViewController.xib */; };
		F9ACD8072AA737790005A39A /* ImageViewerViewModel.swift in Sources */ = {isa = PBXBuildFile; fileRef = F9ACD8062AA737790005A39A /* ImageViewerViewModel.swift */; };
		F9ACD8092AA75CC50005A39A /* EntryPrettyInfoStringComposer.swift in Sources */ = {isa = PBXBuildFile; fileRef = F9ACD8082AA75CC50005A39A /* EntryPrettyInfoStringComposer.swift */; };
		F9ACD80C2AA75D390005A39A /* VideoViewerViewController.swift in Sources */ = {isa = PBXBuildFile; fileRef = F9ACD80A2AA75D390005A39A /* VideoViewerViewController.swift */; };
		F9ACD80D2AA75D390005A39A /* VideoViewerViewController.xib in Resources */ = {isa = PBXBuildFile; fileRef = F9ACD80B2AA75D390005A39A /* VideoViewerViewController.xib */; };
		F9ACD80F2AA75D940005A39A /* VideoViewerViewModel.swift in Sources */ = {isa = PBXBuildFile; fileRef = F9ACD80E2AA75D940005A39A /* VideoViewerViewModel.swift */; };
		F9BFEAC32AA7751C001E7E73 /* VideoCache.swift in Sources */ = {isa = PBXBuildFile; fileRef = F9BFEAC22AA7751C001E7E73 /* VideoCache.swift */; };
		F9BFEAD52AA8BDDF001E7E73 /* FolderContentViewModelTests.swift in Sources */ = {isa = PBXBuildFile; fileRef = F9BFEAD42AA8BDDF001E7E73 /* FolderContentViewModelTests.swift */; };
		F9BFEAD82AA8BE84001E7E73 /* SignInViewModelTests.swift in Sources */ = {isa = PBXBuildFile; fileRef = F9BFEAD72AA8BE84001E7E73 /* SignInViewModelTests.swift */; };
		F9BFEADE2AA8C2B9001E7E73 /* AuthServiceMock.swift in Sources */ = {isa = PBXBuildFile; fileRef = F9BFEADD2AA8C2B9001E7E73 /* AuthServiceMock.swift */; };
		F9BFEAE02AA8C718001E7E73 /* FolderContentServiceMock.swift in Sources */ = {isa = PBXBuildFile; fileRef = F9BFEADF2AA8C718001E7E73 /* FolderContentServiceMock.swift */; };
		F9BFEAE32AA8C85E001E7E73 /* Files.ListFolderResult+Stub.swift in Sources */ = {isa = PBXBuildFile; fileRef = F9BFEAE22AA8C85E001E7E73 /* Files.ListFolderResult+Stub.swift */; };
		F9BFEAE72AA8C93C001E7E73 /* Files.Metadata+Stub.swift in Sources */ = {isa = PBXBuildFile; fileRef = F9BFEAE62AA8C93C001E7E73 /* Files.Metadata+Stub.swift */; };
		F9BFEAE92AA8DA31001E7E73 /* LogoutServiceMock.swift in Sources */ = {isa = PBXBuildFile; fileRef = F9BFEAE82AA8DA31001E7E73 /* LogoutServiceMock.swift */; };
		F9BFEAEB2AA8DB7A001E7E73 /* ImageCacheByIDMock.swift in Sources */ = {isa = PBXBuildFile; fileRef = F9BFEAEA2AA8DB7A001E7E73 /* ImageCacheByIDMock.swift */; };
		F9BFEAED2AA8E83A001E7E73 /* ImageViewerViewModelTests.swift in Sources */ = {isa = PBXBuildFile; fileRef = F9BFEAEC2AA8E83A001E7E73 /* ImageViewerViewModelTests.swift */; };
		F9BFEAEF2AA8E8B1001E7E73 /* ContentLinkServiceMock.swift in Sources */ = {isa = PBXBuildFile; fileRef = F9BFEAEE2AA8E8B1001E7E73 /* ContentLinkServiceMock.swift */; };
		F9BFEAF12AA8EA79001E7E73 /* Files.GetTemporaryLinkResult+Stub.swift in Sources */ = {isa = PBXBuildFile; fileRef = F9BFEAF02AA8EA79001E7E73 /* Files.GetTemporaryLinkResult+Stub.swift */; };
		F9BFEAF32AA8EBE9001E7E73 /* ImageDataDownloadServiceMock.swift in Sources */ = {isa = PBXBuildFile; fileRef = F9BFEAF22AA8EBE9001E7E73 /* ImageDataDownloadServiceMock.swift */; };
		F9BFEAF52AA8EE10001E7E73 /* ImageCacheByURLMock.swift in Sources */ = {isa = PBXBuildFile; fileRef = F9BFEAF42AA8EE10001E7E73 /* ImageCacheByURLMock.swift */; };
		F9F97C622AA9023000F12F9D /* VideoViewerViewModelTests.swift in Sources */ = {isa = PBXBuildFile; fileRef = F9F97C612AA9023000F12F9D /* VideoViewerViewModelTests.swift */; };
		F9F97C642AA902AA00F12F9D /* VideoDownloadServiceMock.swift in Sources */ = {isa = PBXBuildFile; fileRef = F9F97C632AA902AA00F12F9D /* VideoDownloadServiceMock.swift */; };
		F9F97C662AA9060000F12F9D /* VideoCacheMock.swift in Sources */ = {isa = PBXBuildFile; fileRef = F9F97C652AA9060000F12F9D /* VideoCacheMock.swift */; };
/* End PBXBuildFile section */

/* Begin PBXContainerItemProxy section */
		F9BFEACF2AA8BCAC001E7E73 /* PBXContainerItemProxy */ = {
			isa = PBXContainerItemProxy;
			containerPortal = F9ACD7882A9F9B450005A39A /* Project object */;
			proxyType = 1;
			remoteGlobalIDString = F9ACD78F2A9F9B450005A39A;
			remoteInfo = "dropbox-client";
		};
/* End PBXContainerItemProxy section */

/* Begin PBXFileReference section */
		F9ACD7902A9F9B450005A39A /* dropbox-client.app */ = {isa = PBXFileReference; explicitFileType = wrapper.application; includeInIndex = 0; path = "dropbox-client.app"; sourceTree = BUILT_PRODUCTS_DIR; };
		F9ACD7932A9F9B450005A39A /* AppDelegate.swift */ = {isa = PBXFileReference; lastKnownFileType = sourcecode.swift; path = AppDelegate.swift; sourceTree = "<group>"; };
		F9ACD7952A9F9B450005A39A /* SceneDelegate.swift */ = {isa = PBXFileReference; lastKnownFileType = sourcecode.swift; path = SceneDelegate.swift; sourceTree = "<group>"; };
		F9ACD79C2A9F9B480005A39A /* Assets.xcassets */ = {isa = PBXFileReference; lastKnownFileType = folder.assetcatalog; path = Assets.xcassets; sourceTree = "<group>"; };
		F9ACD79F2A9F9B480005A39A /* Base */ = {isa = PBXFileReference; lastKnownFileType = file.storyboard; name = Base; path = Base.lproj/LaunchScreen.storyboard; sourceTree = "<group>"; };
		F9ACD7A12A9F9B480005A39A /* Info.plist */ = {isa = PBXFileReference; lastKnownFileType = text.plist.xml; path = Info.plist; sourceTree = "<group>"; };
		F9ACD7AE2AA092310005A39A /* FolderContentService.swift */ = {isa = PBXFileReference; lastKnownFileType = sourcecode.swift; path = FolderContentService.swift; sourceTree = "<group>"; };
		F9ACD7B12AA09B890005A39A /* Observable.swift */ = {isa = PBXFileReference; lastKnownFileType = sourcecode.swift; path = Observable.swift; sourceTree = "<group>"; };
		F9ACD7B32AA09C070005A39A /* FolderContentViewModel.swift */ = {isa = PBXFileReference; lastKnownFileType = sourcecode.swift; path = FolderContentViewModel.swift; sourceTree = "<group>"; };
		F9ACD7B92AA09EA20005A39A /* Coordinator.swift */ = {isa = PBXFileReference; lastKnownFileType = sourcecode.swift; path = Coordinator.swift; sourceTree = "<group>"; };
		F9ACD7BF2AA0A2FF0005A39A /* FolderContentViewController.swift */ = {isa = PBXFileReference; lastKnownFileType = sourcecode.swift; path = FolderContentViewController.swift; sourceTree = "<group>"; };
		F9ACD7C02AA0A2FF0005A39A /* FolderContentViewController.xib */ = {isa = PBXFileReference; lastKnownFileType = file.xib; path = FolderContentViewController.xib; sourceTree = "<group>"; };
		F9ACD7C32AA0A4AD0005A39A /* MainCoordinator.swift */ = {isa = PBXFileReference; lastKnownFileType = sourcecode.swift; path = MainCoordinator.swift; sourceTree = "<group>"; };
		F9ACD7CB2AA0B0480005A39A /* AuthService.swift */ = {isa = PBXFileReference; lastKnownFileType = sourcecode.swift; path = AuthService.swift; sourceTree = "<group>"; };
		F9ACD7CF2AA0EDBE0005A39A /* EntryCell.swift */ = {isa = PBXFileReference; lastKnownFileType = sourcecode.swift; path = EntryCell.swift; sourceTree = "<group>"; };
		F9ACD7D02AA0EDBE0005A39A /* EntryCell.xib */ = {isa = PBXFileReference; lastKnownFileType = file.xib; path = EntryCell.xib; sourceTree = "<group>"; };
		F9ACD7D52AA104BE0005A39A /* ContentLinkService.swift */ = {isa = PBXFileReference; lastKnownFileType = sourcecode.swift; path = ContentLinkService.swift; sourceTree = "<group>"; };
		F9ACD7D72AA1DA660005A39A /* LogoutService.swift */ = {isa = PBXFileReference; lastKnownFileType = sourcecode.swift; path = LogoutService.swift; sourceTree = "<group>"; };
		F9ACD7D92AA1DCAD0005A39A /* SignInViewController.swift */ = {isa = PBXFileReference; lastKnownFileType = sourcecode.swift; path = SignInViewController.swift; sourceTree = "<group>"; };
		F9ACD7DA2AA1DCAD0005A39A /* SignInViewController.xib */ = {isa = PBXFileReference; lastKnownFileType = file.xib; path = SignInViewController.xib; sourceTree = "<group>"; };
		F9ACD7DF2AA1DF040005A39A /* SignInViewModel.swift */ = {isa = PBXFileReference; lastKnownFileType = sourcecode.swift; path = SignInViewModel.swift; sourceTree = "<group>"; };
		F9ACD7E12AA1EFA50005A39A /* AuthorizationStatus.swift */ = {isa = PBXFileReference; lastKnownFileType = sourcecode.swift; path = AuthorizationStatus.swift; sourceTree = "<group>"; };
		F9ACD7E62AA1F5740005A39A /* MediaMetadata.swift */ = {isa = PBXFileReference; lastKnownFileType = sourcecode.swift; path = MediaMetadata.swift; sourceTree = "<group>"; };
		F9ACD7E82AA1F5D80005A39A /* File.Metadata+Mapping.swift */ = {isa = PBXFileReference; lastKnownFileType = sourcecode.swift; path = "File.Metadata+Mapping.swift"; sourceTree = "<group>"; };
		F9ACD7EA2AA21D520005A39A /* ImageDataDownloadService.swift */ = {isa = PBXFileReference; lastKnownFileType = sourcecode.swift; path = ImageDataDownloadService.swift; sourceTree = "<group>"; };
		F9ACD7F42AA34F1F0005A39A /* MetadataService.swift */ = {isa = PBXFileReference; lastKnownFileType = sourcecode.swift; path = MetadataService.swift; sourceTree = "<group>"; };
		F9ACD7F62AA3982D0005A39A /* VideoDownloadService.swift */ = {isa = PBXFileReference; lastKnownFileType = sourcecode.swift; path = VideoDownloadService.swift; sourceTree = "<group>"; };
		F9ACD7F82AA4C2C40005A39A /* EntryCellViewModel.swift */ = {isa = PBXFileReference; lastKnownFileType = sourcecode.swift; path = EntryCellViewModel.swift; sourceTree = "<group>"; };
		F9ACD7FA2AA4C34E0005A39A /* ThumbnailService.swift */ = {isa = PBXFileReference; lastKnownFileType = sourcecode.swift; path = ThumbnailService.swift; sourceTree = "<group>"; };
		F9ACD7FC2AA4D4A60005A39A /* Metadata.swift */ = {isa = PBXFileReference; lastKnownFileType = sourcecode.swift; path = Metadata.swift; sourceTree = "<group>"; };
		F9ACD7FE2AA5EB030005A39A /* ImageCache.swift */ = {isa = PBXFileReference; lastKnownFileType = sourcecode.swift; path = ImageCache.swift; sourceTree = "<group>"; };
		F9ACD8022AA735FC0005A39A /* ImageViewerViewController.swift */ = {isa = PBXFileReference; lastKnownFileType = sourcecode.swift; path = ImageViewerViewController.swift; sourceTree = "<group>"; };
		F9ACD8032AA735FC0005A39A /* ImageViewerViewController.xib */ = {isa = PBXFileReference; lastKnownFileType = file.xib; path = ImageViewerViewController.xib; sourceTree = "<group>"; };
		F9ACD8062AA737790005A39A /* ImageViewerViewModel.swift */ = {isa = PBXFileReference; lastKnownFileType = sourcecode.swift; path = ImageViewerViewModel.swift; sourceTree = "<group>"; };
		F9ACD8082AA75CC50005A39A /* EntryPrettyInfoStringComposer.swift */ = {isa = PBXFileReference; lastKnownFileType = sourcecode.swift; path = EntryPrettyInfoStringComposer.swift; sourceTree = "<group>"; };
		F9ACD80A2AA75D390005A39A /* VideoViewerViewController.swift */ = {isa = PBXFileReference; lastKnownFileType = sourcecode.swift; path = VideoViewerViewController.swift; sourceTree = "<group>"; };
		F9ACD80B2AA75D390005A39A /* VideoViewerViewController.xib */ = {isa = PBXFileReference; lastKnownFileType = file.xib; path = VideoViewerViewController.xib; sourceTree = "<group>"; };
		F9ACD80E2AA75D940005A39A /* VideoViewerViewModel.swift */ = {isa = PBXFileReference; lastKnownFileType = sourcecode.swift; path = VideoViewerViewModel.swift; sourceTree = "<group>"; };
		F9BFEAC22AA7751C001E7E73 /* VideoCache.swift */ = {isa = PBXFileReference; lastKnownFileType = sourcecode.swift; path = VideoCache.swift; sourceTree = "<group>"; };
		F9BFEACB2AA8BCAC001E7E73 /* dropbox-clientTests.xctest */ = {isa = PBXFileReference; explicitFileType = wrapper.cfbundle; includeInIndex = 0; path = "dropbox-clientTests.xctest"; sourceTree = BUILT_PRODUCTS_DIR; };
		F9BFEAD42AA8BDDF001E7E73 /* FolderContentViewModelTests.swift */ = {isa = PBXFileReference; lastKnownFileType = sourcecode.swift; path = FolderContentViewModelTests.swift; sourceTree = "<group>"; };
		F9BFEAD72AA8BE84001E7E73 /* SignInViewModelTests.swift */ = {isa = PBXFileReference; lastKnownFileType = sourcecode.swift; path = SignInViewModelTests.swift; sourceTree = "<group>"; };
		F9BFEADD2AA8C2B9001E7E73 /* AuthServiceMock.swift */ = {isa = PBXFileReference; lastKnownFileType = sourcecode.swift; path = AuthServiceMock.swift; sourceTree = "<group>"; };
		F9BFEADF2AA8C718001E7E73 /* FolderContentServiceMock.swift */ = {isa = PBXFileReference; lastKnownFileType = sourcecode.swift; path = FolderContentServiceMock.swift; sourceTree = "<group>"; };
		F9BFEAE22AA8C85E001E7E73 /* Files.ListFolderResult+Stub.swift */ = {isa = PBXFileReference; lastKnownFileType = sourcecode.swift; path = "Files.ListFolderResult+Stub.swift"; sourceTree = "<group>"; };
		F9BFEAE62AA8C93C001E7E73 /* Files.Metadata+Stub.swift */ = {isa = PBXFileReference; lastKnownFileType = sourcecode.swift; path = "Files.Metadata+Stub.swift"; sourceTree = "<group>"; };
		F9BFEAE82AA8DA31001E7E73 /* LogoutServiceMock.swift */ = {isa = PBXFileReference; lastKnownFileType = sourcecode.swift; path = LogoutServiceMock.swift; sourceTree = "<group>"; };
		F9BFEAEA2AA8DB7A001E7E73 /* ImageCacheByIDMock.swift */ = {isa = PBXFileReference; lastKnownFileType = sourcecode.swift; path = ImageCacheByIDMock.swift; sourceTree = "<group>"; };
		F9BFEAEC2AA8E83A001E7E73 /* ImageViewerViewModelTests.swift */ = {isa = PBXFileReference; lastKnownFileType = sourcecode.swift; path = ImageViewerViewModelTests.swift; sourceTree = "<group>"; };
		F9BFEAEE2AA8E8B1001E7E73 /* ContentLinkServiceMock.swift */ = {isa = PBXFileReference; lastKnownFileType = sourcecode.swift; path = ContentLinkServiceMock.swift; sourceTree = "<group>"; };
		F9BFEAF02AA8EA79001E7E73 /* Files.GetTemporaryLinkResult+Stub.swift */ = {isa = PBXFileReference; lastKnownFileType = sourcecode.swift; path = "Files.GetTemporaryLinkResult+Stub.swift"; sourceTree = "<group>"; };
		F9BFEAF22AA8EBE9001E7E73 /* ImageDataDownloadServiceMock.swift */ = {isa = PBXFileReference; lastKnownFileType = sourcecode.swift; path = ImageDataDownloadServiceMock.swift; sourceTree = "<group>"; };
		F9BFEAF42AA8EE10001E7E73 /* ImageCacheByURLMock.swift */ = {isa = PBXFileReference; lastKnownFileType = sourcecode.swift; path = ImageCacheByURLMock.swift; sourceTree = "<group>"; };
		F9F97C612AA9023000F12F9D /* VideoViewerViewModelTests.swift */ = {isa = PBXFileReference; lastKnownFileType = sourcecode.swift; path = VideoViewerViewModelTests.swift; sourceTree = "<group>"; };
		F9F97C632AA902AA00F12F9D /* VideoDownloadServiceMock.swift */ = {isa = PBXFileReference; lastKnownFileType = sourcecode.swift; path = VideoDownloadServiceMock.swift; sourceTree = "<group>"; };
		F9F97C652AA9060000F12F9D /* VideoCacheMock.swift */ = {isa = PBXFileReference; lastKnownFileType = sourcecode.swift; path = VideoCacheMock.swift; sourceTree = "<group>"; };
/* End PBXFileReference section */

/* Begin PBXFrameworksBuildPhase section */
		F9ACD78D2A9F9B450005A39A /* Frameworks */ = {
			isa = PBXFrameworksBuildPhase;
			buildActionMask = 2147483647;
			files = (
				F9ACD7A92A9FA7950005A39A /* SwiftyDropbox in Frameworks */,
			);
			runOnlyForDeploymentPostprocessing = 0;
		};
		F9BFEAC82AA8BCAC001E7E73 /* Frameworks */ = {
			isa = PBXFrameworksBuildPhase;
			buildActionMask = 2147483647;
			files = (
			);
			runOnlyForDeploymentPostprocessing = 0;
		};
/* End PBXFrameworksBuildPhase section */

/* Begin PBXGroup section */
		F9A9EC082AA90CDD006BD16A /* ViewModel Tests */ = {
			isa = PBXGroup;
			children = (
				F9BFEAD72AA8BE84001E7E73 /* SignInViewModelTests.swift */,
				F9BFEAD42AA8BDDF001E7E73 /* FolderContentViewModelTests.swift */,
				F9BFEAEC2AA8E83A001E7E73 /* ImageViewerViewModelTests.swift */,
				F9F97C612AA9023000F12F9D /* VideoViewerViewModelTests.swift */,
			);
			path = "ViewModel Tests";
			sourceTree = "<group>";
		};
		F9ACD7872A9F9B450005A39A = {
			isa = PBXGroup;
			children = (
				F9ACD7922A9F9B450005A39A /* dropbox-client */,
				F9BFEACC2AA8BCAC001E7E73 /* dropbox-clientTests */,
				F9ACD7912A9F9B450005A39A /* Products */,
			);
			sourceTree = "<group>";
		};
		F9ACD7912A9F9B450005A39A /* Products */ = {
			isa = PBXGroup;
			children = (
				F9ACD7902A9F9B450005A39A /* dropbox-client.app */,
				F9BFEACB2AA8BCAC001E7E73 /* dropbox-clientTests.xctest */,
			);
			name = Products;
			sourceTree = "<group>";
		};
		F9ACD7922A9F9B450005A39A /* dropbox-client */ = {
			isa = PBXGroup;
			children = (
				F9ACD7B82AA09E810005A39A /* Coordinator */,
				F9ACD7B72AA09C570005A39A /* Network */,
				F9ACD7B02AA094260005A39A /* Model */,
				F9ACD7B52AA09C290005A39A /* View */,
				F9ACD7B62AA09C2F0005A39A /* ViewModel */,
				F9BFEAC62AA8841A001E7E73 /* Utility */,
				F9ACD7932A9F9B450005A39A /* AppDelegate.swift */,
				F9ACD7952A9F9B450005A39A /* SceneDelegate.swift */,
				F9ACD79C2A9F9B480005A39A /* Assets.xcassets */,
				F9ACD79E2A9F9B480005A39A /* LaunchScreen.storyboard */,
				F9ACD7A12A9F9B480005A39A /* Info.plist */,
			);
			path = "dropbox-client";
			sourceTree = "<group>";
		};
		F9ACD7B02AA094260005A39A /* Model */ = {
			isa = PBXGroup;
			children = (
				F9ACD7FC2AA4D4A60005A39A /* Metadata.swift */,
				F9ACD7E62AA1F5740005A39A /* MediaMetadata.swift */,
				F9ACD7E82AA1F5D80005A39A /* File.Metadata+Mapping.swift */,
			);
			path = Model;
			sourceTree = "<group>";
		};
		F9ACD7B52AA09C290005A39A /* View */ = {
			isa = PBXGroup;
			children = (
				F9ACD7D92AA1DCAD0005A39A /* SignInViewController.swift */,
				F9ACD7DA2AA1DCAD0005A39A /* SignInViewController.xib */,
				F9ACD7BF2AA0A2FF0005A39A /* FolderContentViewController.swift */,
				F9ACD7C02AA0A2FF0005A39A /* FolderContentViewController.xib */,
				F9ACD7CF2AA0EDBE0005A39A /* EntryCell.swift */,
				F9ACD7D02AA0EDBE0005A39A /* EntryCell.xib */,
				F9ACD8022AA735FC0005A39A /* ImageViewerViewController.swift */,
				F9ACD8032AA735FC0005A39A /* ImageViewerViewController.xib */,
				F9ACD80A2AA75D390005A39A /* VideoViewerViewController.swift */,
				F9ACD80B2AA75D390005A39A /* VideoViewerViewController.xib */,
			);
			path = View;
			sourceTree = "<group>";
		};
		F9ACD7B62AA09C2F0005A39A /* ViewModel */ = {
			isa = PBXGroup;
			children = (
				F9ACD7B12AA09B890005A39A /* Observable.swift */,
				F9ACD7DF2AA1DF040005A39A /* SignInViewModel.swift */,
				F9ACD7B32AA09C070005A39A /* FolderContentViewModel.swift */,
				F9ACD7F82AA4C2C40005A39A /* EntryCellViewModel.swift */,
				F9ACD8062AA737790005A39A /* ImageViewerViewModel.swift */,
				F9ACD80E2AA75D940005A39A /* VideoViewerViewModel.swift */,
			);
			path = ViewModel;
			sourceTree = "<group>";
		};
		F9ACD7B72AA09C570005A39A /* Network */ = {
			isa = PBXGroup;
			children = (
				F9ACD7CB2AA0B0480005A39A /* AuthService.swift */,
				F9ACD7D72AA1DA660005A39A /* LogoutService.swift */,
				F9ACD7AE2AA092310005A39A /* FolderContentService.swift */,
				F9ACD7FA2AA4C34E0005A39A /* ThumbnailService.swift */,
				F9ACD7D52AA104BE0005A39A /* ContentLinkService.swift */,
				F9ACD7F42AA34F1F0005A39A /* MetadataService.swift */,
				F9ACD7EA2AA21D520005A39A /* ImageDataDownloadService.swift */,
				F9ACD7F62AA3982D0005A39A /* VideoDownloadService.swift */,
			);
			path = Network;
			sourceTree = "<group>";
		};
		F9ACD7B82AA09E810005A39A /* Coordinator */ = {
			isa = PBXGroup;
			children = (
				F9ACD7B92AA09EA20005A39A /* Coordinator.swift */,
				F9ACD7C32AA0A4AD0005A39A /* MainCoordinator.swift */,
			);
			path = Coordinator;
			sourceTree = "<group>";
		};
		F9BFEAC62AA8841A001E7E73 /* Utility */ = {
			isa = PBXGroup;
			children = (
				F9ACD7E12AA1EFA50005A39A /* AuthorizationStatus.swift */,
				F9ACD7FE2AA5EB030005A39A /* ImageCache.swift */,
				F9BFEAC22AA7751C001E7E73 /* VideoCache.swift */,
				F9ACD8082AA75CC50005A39A /* EntryPrettyInfoStringComposer.swift */,
			);
			path = Utility;
			sourceTree = "<group>";
		};
		F9BFEACC2AA8BCAC001E7E73 /* dropbox-clientTests */ = {
			isa = PBXGroup;
			children = (
				F9BFEAE12AA8C83F001E7E73 /* Stub */,
				F9BFEAD62AA8BE5E001E7E73 /* Mock */,
				F9A9EC082AA90CDD006BD16A /* ViewModel Tests */,
			);
			path = "dropbox-clientTests";
			sourceTree = "<group>";
		};
		F9BFEAD62AA8BE5E001E7E73 /* Mock */ = {
			isa = PBXGroup;
			children = (
				F9BFEADD2AA8C2B9001E7E73 /* AuthServiceMock.swift */,
				F9BFEADF2AA8C718001E7E73 /* FolderContentServiceMock.swift */,
				F9BFEAE82AA8DA31001E7E73 /* LogoutServiceMock.swift */,
				F9BFEAEE2AA8E8B1001E7E73 /* ContentLinkServiceMock.swift */,
				F9BFEAF22AA8EBE9001E7E73 /* ImageDataDownloadServiceMock.swift */,
				F9F97C632AA902AA00F12F9D /* VideoDownloadServiceMock.swift */,
				F9BFEAEA2AA8DB7A001E7E73 /* ImageCacheByIDMock.swift */,
				F9BFEAF42AA8EE10001E7E73 /* ImageCacheByURLMock.swift */,
				F9F97C652AA9060000F12F9D /* VideoCacheMock.swift */,
			);
			path = Mock;
			sourceTree = "<group>";
		};
		F9BFEAE12AA8C83F001E7E73 /* Stub */ = {
			isa = PBXGroup;
			children = (
				F9BFEAE62AA8C93C001E7E73 /* Files.Metadata+Stub.swift */,
				F9BFEAE22AA8C85E001E7E73 /* Files.ListFolderResult+Stub.swift */,
				F9BFEAF02AA8EA79001E7E73 /* Files.GetTemporaryLinkResult+Stub.swift */,
			);
			path = Stub;
			sourceTree = "<group>";
		};
/* End PBXGroup section */

/* Begin PBXNativeTarget section */
		F9ACD78F2A9F9B450005A39A /* dropbox-client */ = {
			isa = PBXNativeTarget;
			buildConfigurationList = F9ACD7A42A9F9B480005A39A /* Build configuration list for PBXNativeTarget "dropbox-client" */;
			buildPhases = (
				F9ACD78C2A9F9B450005A39A /* Sources */,
				F9ACD78D2A9F9B450005A39A /* Frameworks */,
				F9ACD78E2A9F9B450005A39A /* Resources */,
			);
			buildRules = (
			);
			dependencies = (
			);
			name = "dropbox-client";
			packageProductDependencies = (
				F9ACD7A82A9FA7950005A39A /* SwiftyDropbox */,
			);
			productName = "dropbox-client";
			productReference = F9ACD7902A9F9B450005A39A /* dropbox-client.app */;
			productType = "com.apple.product-type.application";
		};
		F9BFEACA2AA8BCAC001E7E73 /* dropbox-clientTests */ = {
			isa = PBXNativeTarget;
			buildConfigurationList = F9BFEAD32AA8BCAC001E7E73 /* Build configuration list for PBXNativeTarget "dropbox-clientTests" */;
			buildPhases = (
				F9BFEAC72AA8BCAC001E7E73 /* Sources */,
				F9BFEAC82AA8BCAC001E7E73 /* Frameworks */,
				F9BFEAC92AA8BCAC001E7E73 /* Resources */,
			);
			buildRules = (
			);
			dependencies = (
				F9BFEAD02AA8BCAC001E7E73 /* PBXTargetDependency */,
			);
			name = "dropbox-clientTests";
			productName = "dropbox-clientTests";
			productReference = F9BFEACB2AA8BCAC001E7E73 /* dropbox-clientTests.xctest */;
			productType = "com.apple.product-type.bundle.unit-test";
		};
/* End PBXNativeTarget section */

/* Begin PBXProject section */
		F9ACD7882A9F9B450005A39A /* Project object */ = {
			isa = PBXProject;
			attributes = {
				BuildIndependentTargetsInParallel = 1;
				LastSwiftUpdateCheck = 1430;
				LastUpgradeCheck = 1430;
				TargetAttributes = {
					F9ACD78F2A9F9B450005A39A = {
						CreatedOnToolsVersion = 14.3.1;
					};
					F9BFEACA2AA8BCAC001E7E73 = {
						CreatedOnToolsVersion = 14.3.1;
						TestTargetID = F9ACD78F2A9F9B450005A39A;
					};
				};
			};
			buildConfigurationList = F9ACD78B2A9F9B450005A39A /* Build configuration list for PBXProject "dropbox-client" */;
			compatibilityVersion = "Xcode 14.0";
			developmentRegion = en;
			hasScannedForEncodings = 0;
			knownRegions = (
				en,
				Base,
			);
			mainGroup = F9ACD7872A9F9B450005A39A;
			packageReferences = (
				F9ACD7A72A9FA7940005A39A /* XCRemoteSwiftPackageReference "SwiftyDropbox" */,
			);
			productRefGroup = F9ACD7912A9F9B450005A39A /* Products */;
			projectDirPath = "";
			projectRoot = "";
			targets = (
				F9ACD78F2A9F9B450005A39A /* dropbox-client */,
				F9BFEACA2AA8BCAC001E7E73 /* dropbox-clientTests */,
			);
		};
/* End PBXProject section */

/* Begin PBXResourcesBuildPhase section */
		F9ACD78E2A9F9B450005A39A /* Resources */ = {
			isa = PBXResourcesBuildPhase;
			buildActionMask = 2147483647;
			files = (
				F9ACD80D2AA75D390005A39A /* VideoViewerViewController.xib in Resources */,
				F9ACD7A02A9F9B480005A39A /* LaunchScreen.storyboard in Resources */,
				F9ACD7D22AA0EDBE0005A39A /* EntryCell.xib in Resources */,
				F9ACD8052AA735FC0005A39A /* ImageViewerViewController.xib in Resources */,
				F9ACD7DC2AA1DCAD0005A39A /* SignInViewController.xib in Resources */,
				F9ACD79D2A9F9B480005A39A /* Assets.xcassets in Resources */,
				F9ACD7C22AA0A2FF0005A39A /* FolderContentViewController.xib in Resources */,
			);
			runOnlyForDeploymentPostprocessing = 0;
		};
		F9BFEAC92AA8BCAC001E7E73 /* Resources */ = {
			isa = PBXResourcesBuildPhase;
			buildActionMask = 2147483647;
			files = (
			);
			runOnlyForDeploymentPostprocessing = 0;
		};
/* End PBXResourcesBuildPhase section */

/* Begin PBXSourcesBuildPhase section */
		F9ACD78C2A9F9B450005A39A /* Sources */ = {
			isa = PBXSourcesBuildPhase;
			buildActionMask = 2147483647;
			files = (
				F9ACD7E92AA1F5D80005A39A /* File.Metadata+Mapping.swift in Sources */,
				F9ACD7F92AA4C2C40005A39A /* EntryCellViewModel.swift in Sources */,
				F9BFEAC32AA7751C001E7E73 /* VideoCache.swift in Sources */,
				F9ACD7AF2AA092310005A39A /* FolderContentService.swift in Sources */,
				F9ACD7D82AA1DA660005A39A /* LogoutService.swift in Sources */,
				F9ACD7D12AA0EDBE0005A39A /* EntryCell.swift in Sources */,
				F9ACD7E22AA1EFA50005A39A /* AuthorizationStatus.swift in Sources */,
				F9ACD80F2AA75D940005A39A /* VideoViewerViewModel.swift in Sources */,
				F9ACD7C42AA0A4AD0005A39A /* MainCoordinator.swift in Sources */,
				F9ACD7DB2AA1DCAD0005A39A /* SignInViewController.swift in Sources */,
				F9ACD7B22AA09B890005A39A /* Observable.swift in Sources */,
				F9ACD7FF2AA5EB030005A39A /* ImageCache.swift in Sources */,
				F9ACD7EB2AA21D520005A39A /* ImageDataDownloadService.swift in Sources */,
				F9ACD7942A9F9B450005A39A /* AppDelegate.swift in Sources */,
				F9ACD8042AA735FC0005A39A /* ImageViewerViewController.swift in Sources */,
				F9ACD7FB2AA4C34E0005A39A /* ThumbnailService.swift in Sources */,
				F9ACD7E72AA1F5740005A39A /* MediaMetadata.swift in Sources */,
				F9ACD8092AA75CC50005A39A /* EntryPrettyInfoStringComposer.swift in Sources */,
				F9ACD80C2AA75D390005A39A /* VideoViewerViewController.swift in Sources */,
				F9ACD7B42AA09C070005A39A /* FolderContentViewModel.swift in Sources */,
				F9ACD7D62AA104BE0005A39A /* ContentLinkService.swift in Sources */,
				F9ACD7962A9F9B450005A39A /* SceneDelegate.swift in Sources */,
				F9ACD7FD2AA4D4A60005A39A /* Metadata.swift in Sources */,
				F9ACD7BA2AA09EA20005A39A /* Coordinator.swift in Sources */,
				F9ACD7C12AA0A2FF0005A39A /* FolderContentViewController.swift in Sources */,
				F9ACD8072AA737790005A39A /* ImageViewerViewModel.swift in Sources */,
				F9ACD7F72AA3982D0005A39A /* VideoDownloadService.swift in Sources */,
				F9ACD7F52AA34F1F0005A39A /* MetadataService.swift in Sources */,
				F9ACD7CC2AA0B0480005A39A /* AuthService.swift in Sources */,
				F9ACD7E02AA1DF040005A39A /* SignInViewModel.swift in Sources */,
			);
			runOnlyForDeploymentPostprocessing = 0;
		};
		F9BFEAC72AA8BCAC001E7E73 /* Sources */ = {
			isa = PBXSourcesBuildPhase;
			buildActionMask = 2147483647;
			files = (
				F9BFEAF12AA8EA79001E7E73 /* Files.GetTemporaryLinkResult+Stub.swift in Sources */,
				F9BFEAF32AA8EBE9001E7E73 /* ImageDataDownloadServiceMock.swift in Sources */,
				F9BFEAEB2AA8DB7A001E7E73 /* ImageCacheByIDMock.swift in Sources */,
				F9BFEAF52AA8EE10001E7E73 /* ImageCacheByURLMock.swift in Sources */,
				F9F97C662AA9060000F12F9D /* VideoCacheMock.swift in Sources */,
				F9BFEAD82AA8BE84001E7E73 /* SignInViewModelTests.swift in Sources */,
				F9BFEAD52AA8BDDF001E7E73 /* FolderContentViewModelTests.swift in Sources */,
				F9F97C642AA902AA00F12F9D /* VideoDownloadServiceMock.swift in Sources */,
				F9BFEAE32AA8C85E001E7E73 /* Files.ListFolderResult+Stub.swift in Sources */,
				F9BFEAE02AA8C718001E7E73 /* FolderContentServiceMock.swift in Sources */,
				F9BFEAEF2AA8E8B1001E7E73 /* ContentLinkServiceMock.swift in Sources */,
				F9BFEAE92AA8DA31001E7E73 /* LogoutServiceMock.swift in Sources */,
				F9BFEADE2AA8C2B9001E7E73 /* AuthServiceMock.swift in Sources */,
				F9BFEAED2AA8E83A001E7E73 /* ImageViewerViewModelTests.swift in Sources */,
				F9F97C622AA9023000F12F9D /* VideoViewerViewModelTests.swift in Sources */,
				F9BFEAE72AA8C93C001E7E73 /* Files.Metadata+Stub.swift in Sources */,
			);
			runOnlyForDeploymentPostprocessing = 0;
		};
/* End PBXSourcesBuildPhase section */

/* Begin PBXTargetDependency section */
		F9BFEAD02AA8BCAC001E7E73 /* PBXTargetDependency */ = {
			isa = PBXTargetDependency;
			target = F9ACD78F2A9F9B450005A39A /* dropbox-client */;
			targetProxy = F9BFEACF2AA8BCAC001E7E73 /* PBXContainerItemProxy */;
		};
/* End PBXTargetDependency section */

/* Begin PBXVariantGroup section */
		F9ACD79E2A9F9B480005A39A /* LaunchScreen.storyboard */ = {
			isa = PBXVariantGroup;
			children = (
				F9ACD79F2A9F9B480005A39A /* Base */,
			);
			name = LaunchScreen.storyboard;
			sourceTree = "<group>";
		};
/* End PBXVariantGroup section */

/* Begin XCBuildConfiguration section */
		F9ACD7A22A9F9B480005A39A /* Debug */ = {
			isa = XCBuildConfiguration;
			buildSettings = {
				ALWAYS_SEARCH_USER_PATHS = NO;
				CLANG_ANALYZER_NONNULL = YES;
				CLANG_ANALYZER_NUMBER_OBJECT_CONVERSION = YES_AGGRESSIVE;
				CLANG_CXX_LANGUAGE_STANDARD = "gnu++20";
				CLANG_ENABLE_MODULES = YES;
				CLANG_ENABLE_OBJC_ARC = YES;
				CLANG_ENABLE_OBJC_WEAK = YES;
				CLANG_WARN_BLOCK_CAPTURE_AUTORELEASING = YES;
				CLANG_WARN_BOOL_CONVERSION = YES;
				CLANG_WARN_COMMA = YES;
				CLANG_WARN_CONSTANT_CONVERSION = YES;
				CLANG_WARN_DEPRECATED_OBJC_IMPLEMENTATIONS = YES;
				CLANG_WARN_DIRECT_OBJC_ISA_USAGE = YES_ERROR;
				CLANG_WARN_DOCUMENTATION_COMMENTS = YES;
				CLANG_WARN_EMPTY_BODY = YES;
				CLANG_WARN_ENUM_CONVERSION = YES;
				CLANG_WARN_INFINITE_RECURSION = YES;
				CLANG_WARN_INT_CONVERSION = YES;
				CLANG_WARN_NON_LITERAL_NULL_CONVERSION = YES;
				CLANG_WARN_OBJC_IMPLICIT_RETAIN_SELF = YES;
				CLANG_WARN_OBJC_LITERAL_CONVERSION = YES;
				CLANG_WARN_OBJC_ROOT_CLASS = YES_ERROR;
				CLANG_WARN_QUOTED_INCLUDE_IN_FRAMEWORK_HEADER = YES;
				CLANG_WARN_RANGE_LOOP_ANALYSIS = YES;
				CLANG_WARN_STRICT_PROTOTYPES = YES;
				CLANG_WARN_SUSPICIOUS_MOVE = YES;
				CLANG_WARN_UNGUARDED_AVAILABILITY = YES_AGGRESSIVE;
				CLANG_WARN_UNREACHABLE_CODE = YES;
				CLANG_WARN__DUPLICATE_METHOD_MATCH = YES;
				COPY_PHASE_STRIP = NO;
				DEBUG_INFORMATION_FORMAT = dwarf;
				ENABLE_STRICT_OBJC_MSGSEND = YES;
				ENABLE_TESTABILITY = YES;
				GCC_C_LANGUAGE_STANDARD = gnu11;
				GCC_DYNAMIC_NO_PIC = NO;
				GCC_NO_COMMON_BLOCKS = YES;
				GCC_OPTIMIZATION_LEVEL = 0;
				GCC_PREPROCESSOR_DEFINITIONS = (
					"DEBUG=1",
					"$(inherited)",
				);
				GCC_WARN_64_TO_32_BIT_CONVERSION = YES;
				GCC_WARN_ABOUT_RETURN_TYPE = YES_ERROR;
				GCC_WARN_UNDECLARED_SELECTOR = YES;
				GCC_WARN_UNINITIALIZED_AUTOS = YES_AGGRESSIVE;
				GCC_WARN_UNUSED_FUNCTION = YES;
				GCC_WARN_UNUSED_VARIABLE = YES;
				IPHONEOS_DEPLOYMENT_TARGET = 15.0;
				MTL_ENABLE_DEBUG_INFO = INCLUDE_SOURCE;
				MTL_FAST_MATH = YES;
				ONLY_ACTIVE_ARCH = YES;
				SDKROOT = iphoneos;
				SWIFT_ACTIVE_COMPILATION_CONDITIONS = DEBUG;
				SWIFT_OPTIMIZATION_LEVEL = "-Onone";
			};
			name = Debug;
		};
		F9ACD7A32A9F9B480005A39A /* Release */ = {
			isa = XCBuildConfiguration;
			buildSettings = {
				ALWAYS_SEARCH_USER_PATHS = NO;
				CLANG_ANALYZER_NONNULL = YES;
				CLANG_ANALYZER_NUMBER_OBJECT_CONVERSION = YES_AGGRESSIVE;
				CLANG_CXX_LANGUAGE_STANDARD = "gnu++20";
				CLANG_ENABLE_MODULES = YES;
				CLANG_ENABLE_OBJC_ARC = YES;
				CLANG_ENABLE_OBJC_WEAK = YES;
				CLANG_WARN_BLOCK_CAPTURE_AUTORELEASING = YES;
				CLANG_WARN_BOOL_CONVERSION = YES;
				CLANG_WARN_COMMA = YES;
				CLANG_WARN_CONSTANT_CONVERSION = YES;
				CLANG_WARN_DEPRECATED_OBJC_IMPLEMENTATIONS = YES;
				CLANG_WARN_DIRECT_OBJC_ISA_USAGE = YES_ERROR;
				CLANG_WARN_DOCUMENTATION_COMMENTS = YES;
				CLANG_WARN_EMPTY_BODY = YES;
				CLANG_WARN_ENUM_CONVERSION = YES;
				CLANG_WARN_INFINITE_RECURSION = YES;
				CLANG_WARN_INT_CONVERSION = YES;
				CLANG_WARN_NON_LITERAL_NULL_CONVERSION = YES;
				CLANG_WARN_OBJC_IMPLICIT_RETAIN_SELF = YES;
				CLANG_WARN_OBJC_LITERAL_CONVERSION = YES;
				CLANG_WARN_OBJC_ROOT_CLASS = YES_ERROR;
				CLANG_WARN_QUOTED_INCLUDE_IN_FRAMEWORK_HEADER = YES;
				CLANG_WARN_RANGE_LOOP_ANALYSIS = YES;
				CLANG_WARN_STRICT_PROTOTYPES = YES;
				CLANG_WARN_SUSPICIOUS_MOVE = YES;
				CLANG_WARN_UNGUARDED_AVAILABILITY = YES_AGGRESSIVE;
				CLANG_WARN_UNREACHABLE_CODE = YES;
				CLANG_WARN__DUPLICATE_METHOD_MATCH = YES;
				COPY_PHASE_STRIP = NO;
				DEBUG_INFORMATION_FORMAT = "dwarf-with-dsym";
				ENABLE_NS_ASSERTIONS = NO;
				ENABLE_STRICT_OBJC_MSGSEND = YES;
				GCC_C_LANGUAGE_STANDARD = gnu11;
				GCC_NO_COMMON_BLOCKS = YES;
				GCC_WARN_64_TO_32_BIT_CONVERSION = YES;
				GCC_WARN_ABOUT_RETURN_TYPE = YES_ERROR;
				GCC_WARN_UNDECLARED_SELECTOR = YES;
				GCC_WARN_UNINITIALIZED_AUTOS = YES_AGGRESSIVE;
				GCC_WARN_UNUSED_FUNCTION = YES;
				GCC_WARN_UNUSED_VARIABLE = YES;
				IPHONEOS_DEPLOYMENT_TARGET = 15.0;
				MTL_ENABLE_DEBUG_INFO = NO;
				MTL_FAST_MATH = YES;
				SDKROOT = iphoneos;
				SWIFT_COMPILATION_MODE = wholemodule;
				SWIFT_OPTIMIZATION_LEVEL = "-O";
				VALIDATE_PRODUCT = YES;
			};
			name = Release;
		};
		F9ACD7A52A9F9B480005A39A /* Debug */ = {
			isa = XCBuildConfiguration;
			buildSettings = {
				ASSETCATALOG_COMPILER_APPICON_NAME = AppIcon;
				ASSETCATALOG_COMPILER_GLOBAL_ACCENT_COLOR_NAME = AccentColor;
				CODE_SIGN_STYLE = Manual;
				CURRENT_PROJECT_VERSION = 1;
				DEVELOPMENT_TEAM = "";
				GENERATE_INFOPLIST_FILE = YES;
				INFOPLIST_FILE = "dropbox-client/Info.plist";
				INFOPLIST_KEY_UIApplicationSupportsIndirectInputEvents = YES;
				INFOPLIST_KEY_UILaunchStoryboardName = LaunchScreen;
				INFOPLIST_KEY_UISupportedInterfaceOrientations_iPad = "UIInterfaceOrientationPortrait UIInterfaceOrientationPortraitUpsideDown UIInterfaceOrientationLandscapeLeft UIInterfaceOrientationLandscapeRight";
				INFOPLIST_KEY_UISupportedInterfaceOrientations_iPhone = "UIInterfaceOrientationPortrait UIInterfaceOrientationLandscapeLeft UIInterfaceOrientationLandscapeRight";
				IPHONEOS_DEPLOYMENT_TARGET = 15.0;
				LD_RUNPATH_SEARCH_PATHS = (
					"$(inherited)",
					"@executable_path/Frameworks",
				);
				MARKETING_VERSION = 1.0;
				PRODUCT_BUNDLE_IDENTIFIER = "com.anton.chuiev.dropbox-client";
				PRODUCT_NAME = "$(TARGET_NAME)";
				PROVISIONING_PROFILE_SPECIFIER = "";
				SUPPORTED_PLATFORMS = "iphoneos iphonesimulator";
				SUPPORTS_MACCATALYST = NO;
				SUPPORTS_MAC_DESIGNED_FOR_IPHONE_IPAD = NO;
				SWIFT_EMIT_LOC_STRINGS = YES;
				SWIFT_VERSION = 5.0;
				TARGETED_DEVICE_FAMILY = "1,2";
			};
			name = Debug;
		};
		F9ACD7A62A9F9B480005A39A /* Release */ = {
			isa = XCBuildConfiguration;
			buildSettings = {
				ASSETCATALOG_COMPILER_APPICON_NAME = AppIcon;
				ASSETCATALOG_COMPILER_GLOBAL_ACCENT_COLOR_NAME = AccentColor;
				CODE_SIGN_STYLE = Manual;
				CURRENT_PROJECT_VERSION = 1;
				DEVELOPMENT_TEAM = "";
				GENERATE_INFOPLIST_FILE = YES;
				INFOPLIST_FILE = "dropbox-client/Info.plist";
				INFOPLIST_KEY_UIApplicationSupportsIndirectInputEvents = YES;
				INFOPLIST_KEY_UILaunchStoryboardName = LaunchScreen;
				INFOPLIST_KEY_UISupportedInterfaceOrientations_iPad = "UIInterfaceOrientationPortrait UIInterfaceOrientationPortraitUpsideDown UIInterfaceOrientationLandscapeLeft UIInterfaceOrientationLandscapeRight";
				INFOPLIST_KEY_UISupportedInterfaceOrientations_iPhone = "UIInterfaceOrientationPortrait UIInterfaceOrientationLandscapeLeft UIInterfaceOrientationLandscapeRight";
				IPHONEOS_DEPLOYMENT_TARGET = 15.0;
				LD_RUNPATH_SEARCH_PATHS = (
					"$(inherited)",
					"@executable_path/Frameworks",
				);
				MARKETING_VERSION = 1.0;
				PRODUCT_BUNDLE_IDENTIFIER = "com.anton.chuiev.dropbox-client";
				PRODUCT_NAME = "$(TARGET_NAME)";
				PROVISIONING_PROFILE_SPECIFIER = "";
				SUPPORTED_PLATFORMS = "iphoneos iphonesimulator";
				SUPPORTS_MACCATALYST = NO;
				SUPPORTS_MAC_DESIGNED_FOR_IPHONE_IPAD = NO;
				SWIFT_EMIT_LOC_STRINGS = YES;
				SWIFT_VERSION = 5.0;
				TARGETED_DEVICE_FAMILY = "1,2";
			};
			name = Release;
		};
		F9BFEAD12AA8BCAC001E7E73 /* Debug */ = {
			isa = XCBuildConfiguration;
			buildSettings = {
				BUNDLE_LOADER = "$(TEST_HOST)";
				"CODE_SIGN_IDENTITY[sdk=iphoneos*]" = "iPhone Developer";
				CODE_SIGN_STYLE = Manual;
				CURRENT_PROJECT_VERSION = 1;
				DEVELOPMENT_TEAM = "";
				GENERATE_INFOPLIST_FILE = YES;
				IPHONEOS_DEPLOYMENT_TARGET = 16.4;
				MARKETING_VERSION = 1.0;
				PRODUCT_BUNDLE_IDENTIFIER = "com.anton.chuiev.dropbox-clientTests";
				PRODUCT_NAME = "$(TARGET_NAME)";
				PROVISIONING_PROFILE_SPECIFIER = "";
				SWIFT_EMIT_LOC_STRINGS = NO;
				SWIFT_VERSION = 5.0;
				TARGETED_DEVICE_FAMILY = "1,2";
				TEST_HOST = "$(BUILT_PRODUCTS_DIR)/dropbox-client.app/$(BUNDLE_EXECUTABLE_FOLDER_PATH)/dropbox-client";
			};
			name = Debug;
		};
		F9BFEAD22AA8BCAC001E7E73 /* Release */ = {
			isa = XCBuildConfiguration;
			buildSettings = {
				BUNDLE_LOADER = "$(TEST_HOST)";
				"CODE_SIGN_IDENTITY[sdk=iphoneos*]" = "iPhone Developer";
				CODE_SIGN_STYLE = Manual;
				CURRENT_PROJECT_VERSION = 1;
				DEVELOPMENT_TEAM = "";
				GENERATE_INFOPLIST_FILE = YES;
				IPHONEOS_DEPLOYMENT_TARGET = 16.4;
				MARKETING_VERSION = 1.0;
				PRODUCT_BUNDLE_IDENTIFIER = "com.anton.chuiev.dropbox-clientTests";
				PRODUCT_NAME = "$(TARGET_NAME)";
				PROVISIONING_PROFILE_SPECIFIER = "";
				SWIFT_EMIT_LOC_STRINGS = NO;
				SWIFT_VERSION = 5.0;
				TARGETED_DEVICE_FAMILY = "1,2";
				TEST_HOST = "$(BUILT_PRODUCTS_DIR)/dropbox-client.app/$(BUNDLE_EXECUTABLE_FOLDER_PATH)/dropbox-client";
			};
			name = Release;
		};
/* End XCBuildConfiguration section */

/* Begin XCConfigurationList section */
		F9ACD78B2A9F9B450005A39A /* Build configuration list for PBXProject "dropbox-client" */ = {
			isa = XCConfigurationList;
			buildConfigurations = (
				F9ACD7A22A9F9B480005A39A /* Debug */,
				F9ACD7A32A9F9B480005A39A /* Release */,
			);
			defaultConfigurationIsVisible = 0;
			defaultConfigurationName = Release;
		};
		F9ACD7A42A9F9B480005A39A /* Build configuration list for PBXNativeTarget "dropbox-client" */ = {
			isa = XCConfigurationList;
			buildConfigurations = (
				F9ACD7A52A9F9B480005A39A /* Debug */,
				F9ACD7A62A9F9B480005A39A /* Release */,
			);
			defaultConfigurationIsVisible = 0;
			defaultConfigurationName = Release;
		};
		F9BFEAD32AA8BCAC001E7E73 /* Build configuration list for PBXNativeTarget "dropbox-clientTests" */ = {
			isa = XCConfigurationList;
			buildConfigurations = (
				F9BFEAD12AA8BCAC001E7E73 /* Debug */,
				F9BFEAD22AA8BCAC001E7E73 /* Release */,
			);
			defaultConfigurationIsVisible = 0;
			defaultConfigurationName = Release;
		};
/* End XCConfigurationList section */

/* Begin XCRemoteSwiftPackageReference section */
		F9ACD7A72A9FA7940005A39A /* XCRemoteSwiftPackageReference "SwiftyDropbox" */ = {
			isa = XCRemoteSwiftPackageReference;
			repositoryURL = "https://github.com/dropbox/SwiftyDropbox.git";
			requirement = {
				kind = upToNextMajorVersion;
				minimumVersion = 9.0.0;
			};
		};
/* End XCRemoteSwiftPackageReference section */

/* Begin XCSwiftPackageProductDependency section */
		F9ACD7A82A9FA7950005A39A /* SwiftyDropbox */ = {
			isa = XCSwiftPackageProductDependency;
			package = F9ACD7A72A9FA7940005A39A /* XCRemoteSwiftPackageReference "SwiftyDropbox" */;
			productName = SwiftyDropbox;
		};
/* End XCSwiftPackageProductDependency section */
	};
	rootObject = F9ACD7882A9F9B450005A39A /* Project object */;
}
